
Microsoft Visual Studio Solution File, Format Version 12.00
# Visual Studio Version 17
VisualStudioVersion = 17.14.36518.9 d17.14
MinimumVisualStudioVersion = 10.0.40219.1
Project("{FAE04EC0-301F-11D3-BF4B-00C04F79EFBC}") = "A2.1.6_Opacidad", "A2.1.6_Opacidad.csproj", "{ED928C74-FD89-45F6-BBB4-2FF74D0F275D}"
EndProject
Global
	GlobalSection(SolutionConfigurationPlatforms) = preSolution
		Debug|Any CPU = Debug|Any CPU
		Release|Any CPU = Release|Any CPU
	EndGlobalSection
	GlobalSection(ProjectConfigurationPlatforms) = postSolution
		{ED928C74-FD89-45F6-BBB4-2FF74D0F275D}.Debug|Any CPU.ActiveCfg = Debug|Any CPU
		{ED928C74-FD89-45F6-BBB4-2FF74D0F275D}.Debug|Any CPU.Build.0 = Debug|Any CPU
		{ED928C74-FD89-45F6-BBB4-2FF74D0F275D}.Release|Any CPU.ActiveCfg = Release|Any CPU
		{ED928C74-FD89-45F6-BBB4-2FF74D0F275D}.Release|Any CPU.Build.0 = Release|Any CPU
	EndGlobalSection
	GlobalSection(SolutionProperties) = preSolution
		HideSolutionNode = FALSE
	EndGlobalSection
	GlobalSection(ExtensibilityGlobals) = postSolution
		SolutionGuid = {D1BD2122-9C6F-4A3E-9ED5-F0BEB2A31603}
	EndGlobalSection
EndGlobal
